
Microsoft Visual Studio Solution File, Format Version 12.00
# Visual Studio Version 17
VisualStudioVersion = 17.6.33712.159
MinimumVisualStudioVersion = 10.0.40219.1
Project("{FAE04EC0-301F-11D3-BF4B-00C04F79EFBC}") = "StudentRecords", "StudentRecords.csproj", "{FFA06C84-5A3F-4422-8D6D-E2DCF6150192}"
EndProject
Global
	GlobalSection(SolutionConfigurationPlatforms) = preSolution
		Debug|Any CPU = Debug|Any CPU
		Release|Any CPU = Release|Any CPU
	EndGlobalSection
	GlobalSection(ProjectConfigurationPlatforms) = postSolution
		{FFA06C84-5A3F-4422-8D6D-E2DCF6150192}.Debug|Any CPU.ActiveCfg = Debug|Any CPU
		{FFA06C84-5A3F-4422-8D6D-E2DCF6150192}.Debug|Any CPU.Build.0 = Debug|Any CPU
		{FFA06C84-5A3F-4422-8D6D-E2DCF6150192}.Release|Any CPU.ActiveCfg = Release|Any CPU
		{FFA06C84-5A3F-4422-8D6D-E2DCF6150192}.Release|Any CPU.Build.0 = Release|Any CPU
	EndGlobalSection
	GlobalSection(SolutionProperties) = preSolution
		HideSolutionNode = FALSE
	EndGlobalSection
	GlobalSection(ExtensibilityGlobals) = postSolution
		SolutionGuid = {4B4B9727-CA84-4F30-9F91-9C848367ECAA}
	EndGlobalSection
EndGlobal
